github.com/chromedp/cdproto v0.0.0-20190207000234-34a5588f6c0e h1:W+NmCDxT3g5yIiE55frPTbOk/mrjbpZ8uL+gx+vYJ34=
github.com/chromedp/cdproto v0.0.0-20190207000234-34a5588f6c0e/go.mod h1:xquOK9dIGFlLaIGI4c6IyfLI/Gz0LiYYuJtzhsUODgI=
github.com/gomodule/redigo v2.0.0+incompatible h1:K/R+8tc58AaqLkqG2Ol3Qk+DR/TlNuhuh457pBFPtt0=
github.com/gomodule/redigo v2.0.0+incompatible/go.mod h1:B4C85qUVwatsJoIUNIfCRsp7qO0iAmpGFZ4EELWSbC4=
github.com/knq/sysutil v0.0.0-20181215143952-f05b59f0f307 h1:vl4eIlySbjertFaNwiMjXsGrFVK25aOWLq7n+3gh2ls=
github.com/knq/sysutil v0.0.0-20181215143952-f05b59f0f307/go.mod h1:BjPj+aVjl9FW/cCGiF3nGh5v+9Gd3VCgBQbod/GlMaQ=
github.com/mailru/easyjson v0.0.0-20180823135443-60711f1a8329 h1:2gxZ0XQIU/5z3Z3bUBu+FXuk2pFbkN6tcwi/pjyaDic=
github.com/mailru/easyjson v0.0.0-20180823135443-60711f1a8329/go.mod h1:C1wdFJiN94OJF2b5HbByQZoLdCWB1Yqtg26g4irojpc=
github.com/rafaeljusto/redigomock v0.0.0-20190202135759-257e089e14a1 h1:+kGqA4dNN5hn7WwvKdzHl0rdN5AEkbNZd0VjRltAiZg=
github.com/rafaeljusto/redigomock v0.0.0-20190202135759-257e089e14a1/go.mod h1:JaY6n2sDr+z2WTsXkOmNRUfDy6FN0L6Nk7x06ndm4tY=
github.com/tidwall/gjson v1.1.5 h1:QysILxBeUEY3GTLA0fQVgkQG1zme8NxGvhh2SSqWNwI=
github.com/tidwall/gjson v1.1.5/go.mod h1:c/nTNbUr0E0OrXEhq1pwa8iEgc2DOt4ZZqAt1HtCkPA=
github.com/tidwall/match v1.0.1 h1:PnKP62LPNxHKTwvHHZZzdOAOCtsJTjo6dZLCwpKm5xc=
github.com/tidwall/match v1.0.1/go.mod h1:LujAq0jyVjBy028G1WhWfIzbpQfMO8bBZ6Tyb0+pL9E=
